
Microsoft Visual Studio Solution File, Format Version 12.00
# Visual Studio Version 17
VisualStudioVersion = 17.0.32112.339
MinimumVisualStudioVersion = 10.0.40219.1
Project("{8BC9CEB8-8B4A-11D0-8D11-00A0C91BC942}") = "ASE_Implementation_2", "ASE_Implementation_2.vcxproj", "{CEDEDA6C-1AC2-4D1E-BC9A-6C048E90135D}"
EndProject
Global
	GlobalSection(SolutionConfigurationPlatforms) = preSolution
		Debug|x64 = Debug|x64
		Debug|x86 = Debug|x86
		Release|x64 = Release|x64
		Release|x86 = Release|x86
	EndGlobalSection
	GlobalSection(ProjectConfigurationPlatforms) = postSolution
		{CEDEDA6C-1AC2-4D1E-BC9A-6C048E90135D}.Debug|x64.ActiveCfg = Debug|x64
		{CEDEDA6C-1AC2-4D1E-BC9A-6C048E90135D}.Debug|x64.Build.0 = Debug|x64
		{CEDEDA6C-1AC2-4D1E-BC9A-6C048E90135D}.Debug|x86.ActiveCfg = Debug|Win32
		{CEDEDA6C-1AC2-4D1E-BC9A-6C048E90135D}.Debug|x86.Build.0 = Debug|Win32
		{CEDEDA6C-1AC2-4D1E-BC9A-6C048E90135D}.Release|x64.ActiveCfg = Release|x64
		{CEDEDA6C-1AC2-4D1E-BC9A-6C048E90135D}.Release|x64.Build.0 = Release|x64
		{CEDEDA6C-1AC2-4D1E-BC9A-6C048E90135D}.Release|x86.ActiveCfg = Release|Win32
		{CEDEDA6C-1AC2-4D1E-BC9A-6C048E90135D}.Release|x86.Build.0 = Release|Win32
	EndGlobalSection
	GlobalSection(SolutionProperties) = preSolution
		HideSolutionNode = FALSE
	EndGlobalSection
	GlobalSection(ExtensibilityGlobals) = postSolution
		SolutionGuid = {0D9B946E-3F8B-41DF-BD32-B9982C3A8267}
	EndGlobalSection
EndGlobal
